{
  "object": {
    "pins": [
      {
        "package": "Encryptable",
        "repositoryURL": "https://github.com/sergejs/Encryptable.git",
        "state": {
          "branch": "main",
          "revision": "b3034ceb9ec62f40c3ab160a15c6e327238bbc18",
          "version": null
        }
      }
    ]
  },
  "version": 1
}
