{
  "object": {
    "pins": [
      {
        "package": "Encryptable",
        "repositoryURL": "https://github.com/sergejs/Encryptable.git",
        "state": {
          "branch": null,
          "revision": "4b41d656a6112e64dfc6c1e00602c0f05c752b07",
          "version": "0.2.0"
        }
      }
    ]
  },
  "version": 1
}
